
Microsoft Visual Studio Solution File, Format Version 12.00
# Visual Studio Version 16
VisualStudioVersion = 16.0.32228.343
MinimumVisualStudioVersion = 10.0.40219.1
Project("{9A19103F-16F7-4668-BE54-9A1E7A4F7556}") = "RutgersDiscord", "RutgersDiscord\RutgersDiscord.csproj", "{D774185B-3E5E-46FB-8492-3169D896B4E8}"
EndProject
Project("{9A19103F-16F7-4668-BE54-9A1E7A4F7556}") = "InteractivityAddon", "Discord.Addon.Interactivity\InteractivityAddon.csproj", "{7155F417-E285-4F3E-AACB-7F94F590122F}"
EndProject
Global
	GlobalSection(SolutionConfigurationPlatforms) = preSolution
		Debug|Any CPU = Debug|Any CPU
		Release|Any CPU = Release|Any CPU
	EndGlobalSection
	GlobalSection(ProjectConfigurationPlatforms) = postSolution
		{D774185B-3E5E-46FB-8492-3169D896B4E8}.Debug|Any CPU.ActiveCfg = Debug|Any CPU
		{D774185B-3E5E-46FB-8492-3169D896B4E8}.Debug|Any CPU.Build.0 = Debug|Any CPU
		{D774185B-3E5E-46FB-8492-3169D896B4E8}.Release|Any CPU.ActiveCfg = Release|Any CPU
		{D774185B-3E5E-46FB-8492-3169D896B4E8}.Release|Any CPU.Build.0 = Release|Any CPU
		{7155F417-E285-4F3E-AACB-7F94F590122F}.Debug|Any CPU.ActiveCfg = Debug|Any CPU
		{7155F417-E285-4F3E-AACB-7F94F590122F}.Debug|Any CPU.Build.0 = Debug|Any CPU
		{7155F417-E285-4F3E-AACB-7F94F590122F}.Release|Any CPU.ActiveCfg = Release|Any CPU
		{7155F417-E285-4F3E-AACB-7F94F590122F}.Release|Any CPU.Build.0 = Release|Any CPU
	EndGlobalSection
	GlobalSection(SolutionProperties) = preSolution
		HideSolutionNode = FALSE
	EndGlobalSection
	GlobalSection(ExtensibilityGlobals) = postSolution
		SolutionGuid = {23B534EF-98DB-4916-9288-DC0554F95F96}
	EndGlobalSection
EndGlobal
